
Microsoft Visual Studio Solution File, Format Version 12.00
# Visual Studio Version 16
VisualStudioVersion = 16.0.31515.178
MinimumVisualStudioVersion = 10.0.40219.1
Project("{FAE04EC0-301F-11D3-BF4B-00C04F79EFBC}") = "evenodd", "evenodd\evenodd.csproj", "{3A86B448-04B4-48A7-B3D6-EDF51D075C57}"
EndProject
Global
	GlobalSection(SolutionConfigurationPlatforms) = preSolution
		Debug|Any CPU = Debug|Any CPU
		Release|Any CPU = Release|Any CPU
	EndGlobalSection
	GlobalSection(ProjectConfigurationPlatforms) = postSolution
		{3A86B448-04B4-48A7-B3D6-EDF51D075C57}.Debug|Any CPU.ActiveCfg = Debug|Any CPU
		{3A86B448-04B4-48A7-B3D6-EDF51D075C57}.Debug|Any CPU.Build.0 = Debug|Any CPU
		{3A86B448-04B4-48A7-B3D6-EDF51D075C57}.Release|Any CPU.ActiveCfg = Release|Any CPU
		{3A86B448-04B4-48A7-B3D6-EDF51D075C57}.Release|Any CPU.Build.0 = Release|Any CPU
	EndGlobalSection
	GlobalSection(SolutionProperties) = preSolution
		HideSolutionNode = FALSE
	EndGlobalSection
	GlobalSection(ExtensibilityGlobals) = postSolution
		SolutionGuid = {2D2D0472-51AA-4D2A-962E-F84ABD08386E}
	EndGlobalSection
EndGlobal
