
Microsoft Visual Studio Solution File, Format Version 12.00
# Visual Studio Version 16
VisualStudioVersion = 16.0.31515.178
MinimumVisualStudioVersion = 10.0.40219.1
Project("{FAE04EC0-301F-11D3-BF4B-00C04F79EFBC}") = "powerof2", "powerof2\powerof2.csproj", "{4CA3DBF5-B0E8-485F-A264-E58A9E416934}"
EndProject
Global
	GlobalSection(SolutionConfigurationPlatforms) = preSolution
		Debug|Any CPU = Debug|Any CPU
		Release|Any CPU = Release|Any CPU
	EndGlobalSection
	GlobalSection(ProjectConfigurationPlatforms) = postSolution
		{4CA3DBF5-B0E8-485F-A264-E58A9E416934}.Debug|Any CPU.ActiveCfg = Debug|Any CPU
		{4CA3DBF5-B0E8-485F-A264-E58A9E416934}.Debug|Any CPU.Build.0 = Debug|Any CPU
		{4CA3DBF5-B0E8-485F-A264-E58A9E416934}.Release|Any CPU.ActiveCfg = Release|Any CPU
		{4CA3DBF5-B0E8-485F-A264-E58A9E416934}.Release|Any CPU.Build.0 = Release|Any CPU
	EndGlobalSection
	GlobalSection(SolutionProperties) = preSolution
		HideSolutionNode = FALSE
	EndGlobalSection
	GlobalSection(ExtensibilityGlobals) = postSolution
		SolutionGuid = {86CF9219-E4FA-4D8A-8011-D723491CC644}
	EndGlobalSection
EndGlobal
